
Microsoft Visual Studio Solution File, Format Version 12.00
# Visual Studio Version 17
VisualStudioVersion = 17.9.34622.214
MinimumVisualStudioVersion = 10.0.40219.1
Project("{FAE04EC0-301F-11D3-BF4B-00C04F79EFBC}") = "GK_BezierSurface", "GK_BezierSurface\GK_BezierSurface.csproj", "{4F89326C-FF03-4D19-A8E6-C94F8C659E4C}"
EndProject
Global
	GlobalSection(SolutionConfigurationPlatforms) = preSolution
		Debug|Any CPU = Debug|Any CPU
		Release|Any CPU = Release|Any CPU
	EndGlobalSection
	GlobalSection(ProjectConfigurationPlatforms) = postSolution
		{4F89326C-FF03-4D19-A8E6-C94F8C659E4C}.Debug|Any CPU.ActiveCfg = Debug|Any CPU
		{4F89326C-FF03-4D19-A8E6-C94F8C659E4C}.Debug|Any CPU.Build.0 = Debug|Any CPU
		{4F89326C-FF03-4D19-A8E6-C94F8C659E4C}.Release|Any CPU.ActiveCfg = Release|Any CPU
		{4F89326C-FF03-4D19-A8E6-C94F8C659E4C}.Release|Any CPU.Build.0 = Release|Any CPU
	EndGlobalSection
	GlobalSection(SolutionProperties) = preSolution
		HideSolutionNode = FALSE
	EndGlobalSection
	GlobalSection(ExtensibilityGlobals) = postSolution
		SolutionGuid = {0D2C5EFD-9A9B-46D9-8808-92E4854C4312}
	EndGlobalSection
EndGlobal
